
Microsoft Visual Studio Solution File, Format Version 12.00
# Visual Studio Version 17
VisualStudioVersion = 17.2.32516.85
MinimumVisualStudioVersion = 10.0.40219.1
Project("{FAE04EC0-301F-11D3-BF4B-00C04F79EFBC}") = "CRMapp", "CRMapp\CRMapp.csproj", "{F4BFB9E2-343C-4781-97E9-9307A04C3D27}"
EndProject
Global
	GlobalSection(SolutionConfigurationPlatforms) = preSolution
		Debug|Any CPU = Debug|Any CPU
		Release|Any CPU = Release|Any CPU
	EndGlobalSection
	GlobalSection(ProjectConfigurationPlatforms) = postSolution
		{F4BFB9E2-343C-4781-97E9-9307A04C3D27}.Debug|Any CPU.ActiveCfg = Debug|Any CPU
		{F4BFB9E2-343C-4781-97E9-9307A04C3D27}.Debug|Any CPU.Build.0 = Debug|Any CPU
		{F4BFB9E2-343C-4781-97E9-9307A04C3D27}.Release|Any CPU.ActiveCfg = Release|Any CPU
		{F4BFB9E2-343C-4781-97E9-9307A04C3D27}.Release|Any CPU.Build.0 = Release|Any CPU
	EndGlobalSection
	GlobalSection(SolutionProperties) = preSolution
		HideSolutionNode = FALSE
	EndGlobalSection
	GlobalSection(ExtensibilityGlobals) = postSolution
		SolutionGuid = {7980B169-3051-4250-A049-904CEE08647C}
	EndGlobalSection
EndGlobal
